dependencies:
- name: postgresql
  repository: https://charts.bitnami.com/bitnami
  version: 12.12.10
- name: backend
  repository: file://charts/backend
  version: 0.1.0
- name: frontend
  repository: file://charts/frontend
  version: 0.1.0
- name: data-observer
  repository: file://charts/data-observer
  version: 0.1.0
digest: sha256:f16e7d8b5d9e0e6e9bf02cc23b939d7dcb276d07fa8e56ed4ea564115ea98476
generated: "2025-09-17T08:43:03.591622415Z"
